
Microsoft Visual Studio Solution File, Format Version 12.00
# Visual Studio Version 17
VisualStudioVersion = 17.5.002.0
MinimumVisualStudioVersion = 10.0.40219.1
Project("{9A19103F-16F7-4668-BE54-9A1E7A4F7556}") = "cs-code-challenges", "cs-code-challenges.csproj", "{8C9D5DEE-A41C-4A14-A303-00A4C25D80F1}"
EndProject
Global
	GlobalSection(SolutionConfigurationPlatforms) = preSolution
		Debug|Any CPU = Debug|Any CPU
		Release|Any CPU = Release|Any CPU
	EndGlobalSection
	GlobalSection(ProjectConfigurationPlatforms) = postSolution
		{8C9D5DEE-A41C-4A14-A303-00A4C25D80F1}.Debug|Any CPU.ActiveCfg = Debug|Any CPU
		{8C9D5DEE-A41C-4A14-A303-00A4C25D80F1}.Debug|Any CPU.Build.0 = Debug|Any CPU
		{8C9D5DEE-A41C-4A14-A303-00A4C25D80F1}.Release|Any CPU.ActiveCfg = Release|Any CPU
		{8C9D5DEE-A41C-4A14-A303-00A4C25D80F1}.Release|Any CPU.Build.0 = Release|Any CPU
	EndGlobalSection
	GlobalSection(SolutionProperties) = preSolution
		HideSolutionNode = FALSE
	EndGlobalSection
	GlobalSection(ExtensibilityGlobals) = postSolution
		SolutionGuid = {3EC8E2D2-5241-4FB5-9724-E11E2C93EB44}
	EndGlobalSection
EndGlobal
